
Microsoft Visual Studio Solution File, Format Version 12.00
# Visual Studio Version 16
VisualStudioVersion = 16.0.29728.190
MinimumVisualStudioVersion = 10.0.40219.1
Project("{FAE04EC0-301F-11D3-BF4B-00C04F79EFBC}") = "EmployeeApplication", "EmployeeApplication\EmployeeApplication.csproj", "{15632E98-0F20-40DD-95AD-04AC16D67F16}"
EndProject
Global
	GlobalSection(SolutionConfigurationPlatforms) = preSolution
		Debug|Any CPU = Debug|Any CPU
		Release|Any CPU = Release|Any CPU
	EndGlobalSection
	GlobalSection(ProjectConfigurationPlatforms) = postSolution
		{15632E98-0F20-40DD-95AD-04AC16D67F16}.Debug|Any CPU.ActiveCfg = Debug|Any CPU
		{15632E98-0F20-40DD-95AD-04AC16D67F16}.Debug|Any CPU.Build.0 = Debug|Any CPU
		{15632E98-0F20-40DD-95AD-04AC16D67F16}.Release|Any CPU.ActiveCfg = Release|Any CPU
		{15632E98-0F20-40DD-95AD-04AC16D67F16}.Release|Any CPU.Build.0 = Release|Any CPU
	EndGlobalSection
	GlobalSection(SolutionProperties) = preSolution
		HideSolutionNode = FALSE
	EndGlobalSection
	GlobalSection(ExtensibilityGlobals) = postSolution
		SolutionGuid = {2FC70122-2383-4CCF-B5E0-7B09A7451963}
	EndGlobalSection
EndGlobal
